
Microsoft Visual Studio Solution File, Format Version 12.00
# Visual Studio Version 17
VisualStudioVersion = 17.5.33627.172
MinimumVisualStudioVersion = 10.0.40219.1
Project("{FAE04EC0-301F-11D3-BF4B-00C04F79EFBC}") = "EsitlemeAlgoritm", "EsitlemeAlgoritm\EsitlemeAlgoritm.csproj", "{A199602E-C961-48D8-BDBD-D8999AFF8EE2}"
EndProject
Global
	GlobalSection(SolutionConfigurationPlatforms) = preSolution
		Debug|Any CPU = Debug|Any CPU
		Release|Any CPU = Release|Any CPU
	EndGlobalSection
	GlobalSection(ProjectConfigurationPlatforms) = postSolution
		{A199602E-C961-48D8-BDBD-D8999AFF8EE2}.Debug|Any CPU.ActiveCfg = Debug|Any CPU
		{A199602E-C961-48D8-BDBD-D8999AFF8EE2}.Debug|Any CPU.Build.0 = Debug|Any CPU
		{A199602E-C961-48D8-BDBD-D8999AFF8EE2}.Release|Any CPU.ActiveCfg = Release|Any CPU
		{A199602E-C961-48D8-BDBD-D8999AFF8EE2}.Release|Any CPU.Build.0 = Release|Any CPU
	EndGlobalSection
	GlobalSection(SolutionProperties) = preSolution
		HideSolutionNode = FALSE
	EndGlobalSection
	GlobalSection(ExtensibilityGlobals) = postSolution
		SolutionGuid = {9596B5DD-C932-455E-A554-299C8AD795D3}
	EndGlobalSection
EndGlobal
